
Microsoft Visual Studio Solution File, Format Version 12.00
# Visual Studio 15
Project("{FAE04EC0-301F-11D3-BF4B-00C04F79EFBC}") = "Assembly-CSharp", "Assembly-CSharp.csproj", "{D6FBC995-72C3-B101-50EC-8101C4163467}"
EndProject
Project("{FAE04EC0-301F-11D3-BF4B-00C04F79EFBC}") = "Assembly-CSharp-Editor", "Assembly-CSharp-Editor.csproj", "{0636A70E-69EF-138F-C3A0-9A23D8E35C0E}"
EndProject
Global
	GlobalSection(SolutionConfigurationPlatforms) = preSolution
		Debug|Any CPU = Debug|Any CPU
		Release|Any CPU = Release|Any CPU
	EndGlobalSection
	GlobalSection(ProjectConfigurationPlatforms) = postSolution
		{D6FBC995-72C3-B101-50EC-8101C4163467}.Debug|Any CPU.ActiveCfg = Debug|Any CPU
		{D6FBC995-72C3-B101-50EC-8101C4163467}.Debug|Any CPU.Build.0 = Debug|Any CPU
		{D6FBC995-72C3-B101-50EC-8101C4163467}.Release|Any CPU.ActiveCfg = Release|Any CPU
		{D6FBC995-72C3-B101-50EC-8101C4163467}.Release|Any CPU.Build.0 = Release|Any CPU
		{0636A70E-69EF-138F-C3A0-9A23D8E35C0E}.Debug|Any CPU.ActiveCfg = Debug|Any CPU
		{0636A70E-69EF-138F-C3A0-9A23D8E35C0E}.Debug|Any CPU.Build.0 = Debug|Any CPU
		{0636A70E-69EF-138F-C3A0-9A23D8E35C0E}.Release|Any CPU.ActiveCfg = Release|Any CPU
		{0636A70E-69EF-138F-C3A0-9A23D8E35C0E}.Release|Any CPU.Build.0 = Release|Any CPU
	EndGlobalSection
	GlobalSection(SolutionProperties) = preSolution
		HideSolutionNode = FALSE
	EndGlobalSection
EndGlobal
